lockfileVersion: '9.0'

settings:
  autoInstallPeers: true
  excludeLinksFromLockfile: false

importers:

  .:
    dependencies:
      '@pekempy/fluxer-plugin-sdk':
        specifier: link:../../sdk
        version: link:../../sdk
      hono:
        specifier: ^4.12.2
        version: 4.12.27
      react:
        specifier: ^19.2.4
        version: 19.2.7
      react-dnd-touch-backend:
        specifier: ^16.0.1
        version: 16.0.1
    devDependencies:
      '@types/node':
        specifier: ^24.0.4
        version: 24.13.2
      '@types/react':
        specifier: ^19.0.0
        version: 19.2.17
      typescript:
        specifier: ^5.8.3
        version: 5.9.3

packages:

  '@babel/runtime@7.29.7':
    resolution: {integrity: sha512-Nq8OhGWiZIZGV6hLHoyAKLLcJihP/xFeBMGJoUrxTX2psI8dCifzLhZISFb+VWS3wFMRDmCGw5R+dOySCqPLhw==}
    engines: {node: '>=6.9.0'}

  '@react-dnd/asap@5.0.2':
    resolution: {integrity: sha512-WLyfoHvxhs0V9U+GTsGilGgf2QsPl6ZZ44fnv0/b8T3nQyvzxidxsg/ZltbWssbsRDlYW8UKSQMTGotuTotZ6A==}

  '@react-dnd/invariant@4.0.2':
    resolution: {integrity: sha512-xKCTqAK/FFauOM9Ta2pswIyT3D8AQlfrYdOi/toTPEhqCuAs1v5tcJ3Y08Izh1cJ5Jchwy9SeAXmMg6zrKs2iw==}

  '@types/node@24.13.2':
    resolution: {integrity: sha512-fRa09kZTgu8o71KFcDjUFuc7F+dEbZYZmkI0mg5YBTRs0yMKjYHsq/c0urDKeDb+D5qVgXOdFcuu+DZPKOITwA==}

  '@types/react@19.2.17':
    resolution: {integrity: sha512-MXfmqaVPEVgkBT/aY0aGCkRWWtByiYQXo3xdQ8r5RzuFrPiRn8Gar2tQdXSUQ2GKV3bkXckek89V8wQBY2Q/Aw==}

  csstype@3.2.3:
    resolution: {integrity: sha512-z1HGKcYy2xA8AGQfwrn0PAy+PB7X/GSj3UVJW9qKyn43xWa+gl5nXmU4qqLMRzWVLFC8KusUX8T/0kCiOYpAIQ==}

  dnd-core@16.0.1:
    resolution: {integrity: sha512-HK294sl7tbw6F6IeuK16YSBUoorvHpY8RHO+9yFfaJyCDVb6n7PRcezrOEOa2SBCqiYpemh5Jx20ZcjKdFAVng==}

  hono@4.12.27:
    resolution: {integrity: sha512-1yrb/+w6HWQJrUCLkJ2IF5jNIPvvFkblV5RNOYl6bV+OA6p9GLcMpHFFGTosSvHvcAUibuUukRqhlYI4z32C7Q==}
    engines: {node: '>=16.9.0'}

  react-dnd-touch-backend@16.0.1:
    resolution: {integrity: sha512-NonoCABzzjyWGZuDxSG77dbgMZ2Wad7eQiCd/ECtsR2/NBLTjGksPUx9UPezZ1nQ/L7iD130Tz3RUshL/ClKLA==}

  react@19.2.7:
    resolution: {integrity: sha512-HNe9WslTbXmFK8o8cmwgAeJFSBvt1bPdHCVKtaaV+WlAN36mpT4hcRpwbf3fY56ar2oIXzsBpOAiIRHAdY0OlQ==}
    engines: {node: '>=0.10.0'}

  redux@4.2.1:
    resolution: {integrity: sha512-LAUYz4lc+Do8/g7aeRa8JkyDErK6ekstQaqWQrNRW//MY1TvCEpMtpTWvlQ+FPbWCx+Xixu/6SHt5N0HR+SB4w==}

  typescript@5.9.3:
    resolution: {integrity: sha512-jl1vZzPDinLr9eUt3J/t7V6FgNEw9QjvBPdysz9KfQDD41fQrC2Y4vKQdiaUpFT4bXlb1RHhLpp8wtm6M5TgSw==}
    engines: {node: '>=14.17'}
    hasBin: true

  undici-types@7.18.2:
    resolution: {integrity: sha512-AsuCzffGHJybSaRrmr5eHr81mwJU3kjw6M+uprWvCXiNeN9SOGwQ3Jn8jb8m3Z6izVgknn1R0FTCEAP2QrLY/w==}

snapshots:

  '@babel/runtime@7.29.7': {}

  '@react-dnd/asap@5.0.2': {}

  '@react-dnd/invariant@4.0.2': {}

  '@types/node@24.13.2':
    dependencies:
      undici-types: 7.18.2

  '@types/react@19.2.17':
    dependencies:
      csstype: 3.2.3

  csstype@3.2.3: {}

  dnd-core@16.0.1:
    dependencies:
      '@react-dnd/asap': 5.0.2
      '@react-dnd/invariant': 4.0.2
      redux: 4.2.1

  hono@4.12.27: {}

  react-dnd-touch-backend@16.0.1:
    dependencies:
      '@react-dnd/invariant': 4.0.2
      dnd-core: 16.0.1

  react@19.2.7: {}

  redux@4.2.1:
    dependencies:
      '@babel/runtime': 7.29.7

  typescript@5.9.3: {}

  undici-types@7.18.2: {}
